
Microsoft Visual Studio Solution File, Format Version 12.00
# Visual Studio Version 17
VisualStudioVersion = 17.13.35825.156 d17.13
MinimumVisualStudioVersion = 10.0.40219.1
Project("{FAE04EC0-301F-11D3-BF4B-00C04F79EFBC}") = "The-Network-Project", "The-Network-Project.csproj", "{666B339F-D782-463F-8A71-526D02919A7B}"
EndProject
Global
	GlobalSection(SolutionConfigurationPlatforms) = preSolution
		Debug|Any CPU = Debug|Any CPU
		Release|Any CPU = Release|Any CPU
	EndGlobalSection
	GlobalSection(ProjectConfigurationPlatforms) = postSolution
		{666B339F-D782-463F-8A71-526D02919A7B}.Debug|Any CPU.ActiveCfg = Debug|Any CPU
		{666B339F-D782-463F-8A71-526D02919A7B}.Debug|Any CPU.Build.0 = Debug|Any CPU
		{666B339F-D782-463F-8A71-526D02919A7B}.Release|Any CPU.ActiveCfg = Release|Any CPU
		{666B339F-D782-463F-8A71-526D02919A7B}.Release|Any CPU.Build.0 = Release|Any CPU
	EndGlobalSection
	GlobalSection(SolutionProperties) = preSolution
		HideSolutionNode = FALSE
	EndGlobalSection
	GlobalSection(ExtensibilityGlobals) = postSolution
		SolutionGuid = {865E31F0-D2C4-445A-931E-A4149F3DC879}
	EndGlobalSection
EndGlobal
